Microsoft Visual Studio Solution File, Format Version 12.00
# Visual Studio Version 17
VisualStudioVersion = 17.5.2.0
MinimumVisualStudioVersion = 10.0.40219.1
Project("{FAE04EC0-301F-11D3-BF4B-00C04F79EFBC}") = "EModbus.Desktop", "EModbus.Desktop.csproj", "{DB1FB88B-4073-D78F-9509-761252BBC885}"
EndProject
Global
	GlobalSection(SolutionConfigurationPlatforms) = preSolution
		Debug|Any CPU = Debug|Any CPU
		Release|Any CPU = Release|Any CPU
	EndGlobalSection
	GlobalSection(ProjectConfigurationPlatforms) = postSolution
		{DB1FB88B-4073-D78F-9509-761252BBC885}.Debug|Any CPU.ActiveCfg = Debug|Any CPU
		{DB1FB88B-4073-D78F-9509-761252BBC885}.Debug|Any CPU.Build.0 = Debug|Any CPU
		{DB1FB88B-4073-D78F-9509-761252BBC885}.Release|Any CPU.ActiveCfg = Release|Any CPU
		{DB1FB88B-4073-D78F-9509-761252BBC885}.Release|Any CPU.Build.0 = Release|Any CPU
	EndGlobalSection
	GlobalSection(SolutionProperties) = preSolution
		HideSolutionNode = FALSE
	EndGlobalSection
	GlobalSection(ExtensibilityGlobals) = postSolution
		SolutionGuid = {DC86E2DA-BF22-4E38-BA83-A52705BCFD67}
	EndGlobalSection
EndGlobal
